
Microsoft Visual Studio Solution File, Format Version 12.00
# Visual Studio Version 17
VisualStudioVersion = 17.14.36518.9
MinimumVisualStudioVersion = 10.0.40219.1
Project("{FAE04EC0-301F-11D3-BF4B-00C04F79EFBC}") = "asda", "asda.csproj", "{BDFC3B64-71FD-4ABE-B543-5E6E04AC9C5D}"
EndProject
Global
	GlobalSection(SolutionConfigurationPlatforms) = preSolution
		Debug|Any CPU = Debug|Any CPU
		Release|Any CPU = Release|Any CPU
	EndGlobalSection
	GlobalSection(ProjectConfigurationPlatforms) = postSolution
		{BDFC3B64-71FD-4ABE-B543-5E6E04AC9C5D}.Debug|Any CPU.ActiveCfg = Debug|Any CPU
		{BDFC3B64-71FD-4ABE-B543-5E6E04AC9C5D}.Debug|Any CPU.Build.0 = Debug|Any CPU
		{BDFC3B64-71FD-4ABE-B543-5E6E04AC9C5D}.Release|Any CPU.ActiveCfg = Release|Any CPU
		{BDFC3B64-71FD-4ABE-B543-5E6E04AC9C5D}.Release|Any CPU.Build.0 = Release|Any CPU
	EndGlobalSection
	GlobalSection(SolutionProperties) = preSolution
		HideSolutionNode = FALSE
	EndGlobalSection
	GlobalSection(ExtensibilityGlobals) = postSolution
		SolutionGuid = {CA958878-12F3-4818-89B3-BEE5B83F5BCF}
	EndGlobalSection
EndGlobal
